
Microsoft Visual Studio Solution File, Format Version 12.00
# Visual Studio Version 17
VisualStudioVersion = 17.2.32616.157
MinimumVisualStudioVersion = 10.0.40219.1
Project("{FAE04EC0-301F-11D3-BF4B-00C04F79EFBC}") = "Edades", "Edades\Edades.csproj", "{170F0C43-5676-4502-A122-D8D41979071D}"
EndProject
Project("{FAE04EC0-301F-11D3-BF4B-00C04F79EFBC}") = "EdadesPL", "EdadesPL\EdadesPL.csproj", "{88A5B204-621B-4E83-ABFD-AD213FA9AE29}"
EndProject
Project("{FAE04EC0-301F-11D3-BF4B-00C04F79EFBC}") = "ExamenApesaJAPS", "ExamenApesaJAPS\ExamenApesaJAPS.csproj", "{4AE569BE-E9F5-4984-A40E-5BAD612357A3}"
EndProject
Global
	GlobalSection(SolutionConfigurationPlatforms) = preSolution
		Debug|Any CPU = Debug|Any CPU
		Release|Any CPU = Release|Any CPU
	EndGlobalSection
	GlobalSection(ProjectConfigurationPlatforms) = postSolution
		{170F0C43-5676-4502-A122-D8D41979071D}.Debug|Any CPU.ActiveCfg = Debug|Any CPU
		{170F0C43-5676-4502-A122-D8D41979071D}.Debug|Any CPU.Build.0 = Debug|Any CPU
		{170F0C43-5676-4502-A122-D8D41979071D}.Release|Any CPU.ActiveCfg = Release|Any CPU
		{170F0C43-5676-4502-A122-D8D41979071D}.Release|Any CPU.Build.0 = Release|Any CPU
		{88A5B204-621B-4E83-ABFD-AD213FA9AE29}.Debug|Any CPU.ActiveCfg = Debug|Any CPU
		{88A5B204-621B-4E83-ABFD-AD213FA9AE29}.Debug|Any CPU.Build.0 = Debug|Any CPU
		{88A5B204-621B-4E83-ABFD-AD213FA9AE29}.Release|Any CPU.ActiveCfg = Release|Any CPU
		{88A5B204-621B-4E83-ABFD-AD213FA9AE29}.Release|Any CPU.Build.0 = Release|Any CPU
		{4AE569BE-E9F5-4984-A40E-5BAD612357A3}.Debug|Any CPU.ActiveCfg = Debug|Any CPU
		{4AE569BE-E9F5-4984-A40E-5BAD612357A3}.Debug|Any CPU.Build.0 = Debug|Any CPU
		{4AE569BE-E9F5-4984-A40E-5BAD612357A3}.Release|Any CPU.ActiveCfg = Release|Any CPU
		{4AE569BE-E9F5-4984-A40E-5BAD612357A3}.Release|Any CPU.Build.0 = Release|Any CPU
	EndGlobalSection
	GlobalSection(SolutionProperties) = preSolution
		HideSolutionNode = FALSE
	EndGlobalSection
	GlobalSection(ExtensibilityGlobals) = postSolution
		SolutionGuid = {285F562B-3D9E-4D76-A4F4-9DF08015959D}
	EndGlobalSection
EndGlobal
